// !$*UTF8*$!
{
	archiveVersion = 1;
	classes = {
	};
	objectVersion = 60;
	objects = {

/* Begin PBXBuildFile section */
		2DC0AB1A2FE4554B004E7FFE /* Media.xcassets in Resources */ = {isa = PBXBuildFile; fileRef = 2DC0AB192FE4554B004E7FFE /* Media.xcassets */; };
		B10000000000000000000001 /* LegacyApp.swift in Sources */ = {isa = PBXBuildFile; fileRef = F10000000000000000000001 /* LegacyApp.swift */; };
		B10000000000000000000002 /* WanderFeature in Frameworks */ = {isa = PBXBuildFile; productRef = P10000000000000000000001 /* WanderFeature */; };
		B10000000000000000000003 /* DesignSystem in Frameworks */ = {isa = PBXBuildFile; productRef = P10000000000000000000002 /* DesignSystem */; };
		B10000000000000000000004 /* APIClient in Frameworks */ = {isa = PBXBuildFile; productRef = P10000000000000000000003 /* APIClient */; };
		B10000000000000000000005 /* LocationEngine in Frameworks */ = {isa = PBXBuildFile; productRef = P10000000000000000000004 /* LocationEngine */; };
		B10000000000000000000006 /* AuthFeature in Frameworks */ = {isa = PBXBuildFile; productRef = P10000000000000000000005 /* AuthFeature */; };
		B10000000000000000000007 /* LegacyAPIStubs in Frameworks */ = {isa = PBXBuildFile; productRef = P10000000000000000000006 /* LegacyAPIStubs */; };
		B10000000000000000000008 /* DropFeature in Frameworks */ = {isa = PBXBuildFile; productRef = P10000000000000000000007 /* DropFeature */; };
		B10000000000000000000009 /* MemoryLaneFeature in Frameworks */ = {isa = PBXBuildFile; productRef = P10000000000000000000008 /* MemoryLaneFeature */; };
		B10000000000000000000010 /* ImportFeature in Frameworks */ = {isa = PBXBuildFile; productRef = P10000000000000000000009 /* ImportFeature */; };
		B10000000000000000000011 /* LegacyAppDelegate.swift in Sources */ = {isa = PBXBuildFile; fileRef = F10000000000000000000004 /* LegacyAppDelegate.swift */; };
		B10000000000000000000012 /* APNsTokenStore.swift in Sources */ = {isa = PBXBuildFile; fileRef = F10000000000000000000005 /* APNsTokenStore.swift */; };
		B10000000000000000000013 /* APNsRegistrationService.swift in Sources */ = {isa = PBXBuildFile; fileRef = F10000000000000000000006 /* APNsRegistrationService.swift */; };
		B10000000000000000000014 /* ProximityPushNotifications.swift in Sources */ = {isa = PBXBuildFile; fileRef = F10000000000000000000007 /* ProximityPushNotifications.swift */; };
		B10000000000000000000015 /* OnThisDayWidget.swift in Sources */ = {isa = PBXBuildFile; fileRef = F10000000000000000000008 /* OnThisDayWidget.swift */; };
		B10000000000000000000016 /* LegacyWidgetExtension.appex in Embed Foundation Extensions */ = {isa = PBXBuildFile; fileRef = F10000000000000000000009 /* LegacyWidgetExtension.appex */; settings = {ATTRIBUTES = (RemoveHeadersOnCopy, ); }; };
/* End PBXBuildFile section */

/* Begin PBXFileReference section */
		2DC0AB192FE4554B004E7FFE /* Media.xcassets */ = {isa = PBXFileReference; lastKnownFileType = folder.assetcatalog; path = Media.xcassets; sourceTree = "<group>"; };
		F10000000000000000000001 /* LegacyApp.swift */ = {isa = PBXFileReference; lastKnownFileType = sourcecode.swift; path = LegacyApp.swift; sourceTree = "<group>"; };
		F10000000000000000000002 /* Info.plist */ = {isa = PBXFileReference; lastKnownFileType = text.plist.xml; path = Info.plist; sourceTree = "<group>"; };
		F10000000000000000000003 /* Legacy.app */ = {isa = PBXFileReference; explicitFileType = wrapper.application; includeInIndex = 0; path = Legacy.app; sourceTree = BUILT_PRODUCTS_DIR; };
		F10000000000000000000004 /* LegacyAppDelegate.swift */ = {isa = PBXFileReference; lastKnownFileType = sourcecode.swift; path = LegacyAppDelegate.swift; sourceTree = "<group>"; };
		F10000000000000000000005 /* APNsTokenStore.swift */ = {isa = PBXFileReference; lastKnownFileType = sourcecode.swift; path = APNsTokenStore.swift; sourceTree = "<group>"; };
		F10000000000000000000006 /* APNsRegistrationService.swift */ = {isa = PBXFileReference; lastKnownFileType = sourcecode.swift; path = APNsRegistrationService.swift; sourceTree = "<group>"; };
		F10000000000000000000007 /* ProximityPushNotifications.swift */ = {isa = PBXFileReference; lastKnownFileType = sourcecode.swift; path = ProximityPushNotifications.swift; sourceTree = "<group>"; };
		F10000000000000000000008 /* OnThisDayWidget.swift */ = {isa = PBXFileReference; lastKnownFileType = sourcecode.swift; path = OnThisDayWidget.swift; sourceTree = "<group>"; };
		F10000000000000000000009 /* LegacyWidgetExtension.appex */ = {isa = PBXFileReference; explicitFileType = "wrapper.app-extension"; includeInIndex = 0; path = LegacyWidgetExtension.appex; sourceTree = BUILT_PRODUCTS_DIR; };
		F10000000000000000000010 /* Info.plist */ = {isa = PBXFileReference; lastKnownFileType = text.plist.xml; path = Info.plist; sourceTree = "<group>"; };
		F10000000000000000000011 /* LegacyWidget.entitlements */ = {isa = PBXFileReference; lastKnownFileType = text.plist.entitlements; path = LegacyWidget.entitlements; sourceTree = "<group>"; };
/* End PBXFileReference section */

/* Begin PBXFrameworksBuildPhase section */
		C10000000000000000000001 /* Frameworks */ = {
			isa = PBXFrameworksBuildPhase;
			buildActionMask = 2147483647;
			files = (
				B10000000000000000000002 /* WanderFeature in Frameworks */,
				B10000000000000000000003 /* DesignSystem in Frameworks */,
				B10000000000000000000004 /* APIClient in Frameworks */,
				B10000000000000000000005 /* LocationEngine in Frameworks */,
				B10000000000000000000006 /* AuthFeature in Frameworks */,
				B10000000000000000000007 /* LegacyAPIStubs in Frameworks */,
				B10000000000000000000008 /* DropFeature in Frameworks */,
				B10000000000000000000009 /* MemoryLaneFeature in Frameworks */,
				B10000000000000000000010 /* ImportFeature in Frameworks */,
			);
			runOnlyForDeploymentPostprocessing = 0;
		};
		C10000000000000000000002 /* Frameworks */ = {
			isa = PBXFrameworksBuildPhase;
			buildActionMask = 2147483647;
			files = (
			);
			runOnlyForDeploymentPostprocessing = 0;
		};
/* End PBXFrameworksBuildPhase section */

/* Begin PBXGroup section */
		G10000000000000000000001 = {
			isa = PBXGroup;
			children = (
				G10000000000000000000002 /* LegacyApp */,
				G10000000000000000000004 /* LegacyWidget */,
				G10000000000000000000003 /* Products */,
			);
			sourceTree = "<group>";
		};
		G10000000000000000000002 /* LegacyApp */ = {
			isa = PBXGroup;
			children = (
				F10000000000000000000001 /* LegacyApp.swift */,
				F10000000000000000000004 /* LegacyAppDelegate.swift */,
				F10000000000000000000005 /* APNsTokenStore.swift */,
				F10000000000000000000006 /* APNsRegistrationService.swift */,
				F10000000000000000000007 /* ProximityPushNotifications.swift */,
				F10000000000000000000002 /* Info.plist */,
				2DC0AB192FE4554B004E7FFE /* Media.xcassets */,
			);
			path = LegacyApp;
			sourceTree = "<group>";
		};
		G10000000000000000000003 /* Products */ = {
			isa = PBXGroup;
			children = (
				F10000000000000000000003 /* Legacy.app */,
				F10000000000000000000009 /* LegacyWidgetExtension.appex */,
			);
			name = Products;
			sourceTree = "<group>";
		};
		G10000000000000000000004 /* LegacyWidget */ = {
			isa = PBXGroup;
			children = (
				F10000000000000000000008 /* OnThisDayWidget.swift */,
				F10000000000000000000011 /* LegacyWidget.entitlements */,
			);
			path = LegacyWidget;
			sourceTree = "<group>";
		};
/* End PBXGroup section */

/* Begin PBXNativeTarget section */
		T10000000000000000000001 /* Legacy */ = {
			isa = PBXNativeTarget;
			buildConfigurationList = L10000000000000000000002 /* Build configuration list for PBXNativeTarget "Legacy" */;
			buildPhases = (
				S10000000000000000000001 /* Sources */,
				C10000000000000000000001 /* Frameworks */,
				R10000000000000000000001 /* Resources */,
				E10000000000000000000001 /* Embed Foundation Extensions */,
			);
			buildRules = (
			);
			dependencies = (
				D10000000000000000000001 /* PBXTargetDependency */,
			);
			name = Legacy;
			packageProductDependencies = (
				P10000000000000000000001 /* WanderFeature */,
				P10000000000000000000002 /* DesignSystem */,
				P10000000000000000000003 /* APIClient */,
				P10000000000000000000004 /* LocationEngine */,
				P10000000000000000000005 /* AuthFeature */,
				P10000000000000000000006 /* LegacyAPIStubs */,
				P10000000000000000000007 /* DropFeature */,
				P10000000000000000000008 /* MemoryLaneFeature */,
				P10000000000000000000009 /* ImportFeature */,
			);
			productName = Legacy;
			productReference = F10000000000000000000003 /* Legacy.app */;
			productType = "com.apple.product-type.application";
		};
		T10000000000000000000002 /* LegacyWidgetExtension */ = {
			isa = PBXNativeTarget;
			buildConfigurationList = L10000000000000000000003 /* Build configuration list for PBXNativeTarget "LegacyWidgetExtension" */;
			buildPhases = (
				S10000000000000000000002 /* Sources */,
				C10000000000000000000002 /* Frameworks */,
			);
			buildRules = (
			);
			dependencies = (
			);
			name = LegacyWidgetExtension;
			productName = LegacyWidgetExtension;
			productReference = F10000000000000000000009 /* LegacyWidgetExtension.appex */;
			productType = "com.apple.product-type.app-extension";
		};
/* End PBXNativeTarget section */

/* Begin PBXProject section */
		PR1000000000000000000001 /* Project object */ = {
			isa = PBXProject;
			attributes = {
				BuildIndependentTargetsInParallel = 1;
				LastSwiftUpdateCheck = 1500;
				LastUpgradeCheck = 1500;
				TargetAttributes = {
					T10000000000000000000001 = {
						CreatedOnToolsVersion = 15.0;
					};
					T10000000000000000000002 = {
						CreatedOnToolsVersion = 15.0;
					};
				};
			};
			buildConfigurationList = L10000000000000000000001 /* Build configuration list for PBXProject "Legacy" */;
			compatibilityVersion = "Xcode 14.0";
			developmentRegion = en;
			hasScannedForEncodings = 0;
			knownRegions = (
				en,
				Base,
			);
			mainGroup = G10000000000000000000001;
			packageReferences = (
				PKG100000000000000000001 /* XCLocalSwiftPackageReference "LegacyModules" */,
			);
			productRefGroup = G10000000000000000000003 /* Products */;
			projectDirPath = "";
			projectRoot = "";
			targets = (
				T10000000000000000000001 /* Legacy */,
				T10000000000000000000002 /* LegacyWidgetExtension */,
			);
		};
/* End PBXProject section */

/* Begin PBXResourcesBuildPhase section */
		R10000000000000000000001 /* Resources */ = {
			isa = PBXResourcesBuildPhase;
			buildActionMask = 2147483647;
			files = (
				2DC0AB1A2FE4554B004E7FFE /* Media.xcassets in Resources */,
			);
			runOnlyForDeploymentPostprocessing = 0;
		};
/* End PBXResourcesBuildPhase section */

/* Begin PBXCopyFilesBuildPhase section */
		E10000000000000000000001 /* Embed Foundation Extensions */ = {
			isa = PBXCopyFilesBuildPhase;
			buildActionMask = 2147483647;
			dstPath = "";
			dstSubfolderSpec = 13;
			files = (
				B10000000000000000000016 /* LegacyWidgetExtension.appex in Embed Foundation Extensions */,
			);
			name = "Embed Foundation Extensions";
			runOnlyForDeploymentPostprocessing = 0;
		};
/* End PBXCopyFilesBuildPhase section */

/* Begin PBXContainerItemProxy section */
		CP100000000000000000001 /* PBXContainerItemProxy */ = {
			isa = PBXContainerItemProxy;
			containerPortal = PR1000000000000000000001 /* Project object */;
			proxyType = 1;
			remoteGlobalIDString = T10000000000000000000002;
			remoteInfo = LegacyWidgetExtension;
		};
/* End PBXContainerItemProxy section */

/* Begin PBXTargetDependency section */
		D10000000000000000000001 /* PBXTargetDependency */ = {
			isa = PBXTargetDependency;
			target = T10000000000000000000002 /* LegacyWidgetExtension */;
			targetProxy = CP100000000000000000001 /* PBXContainerItemProxy */;
		};
/* End PBXTargetDependency section */

/* Begin PBXSourcesBuildPhase section */
		S10000000000000000000001 /* Sources */ = {
			isa = PBXSourcesBuildPhase;
			buildActionMask = 2147483647;
			files = (
				B10000000000000000000001 /* LegacyApp.swift in Sources */,
				B10000000000000000000011 /* LegacyAppDelegate.swift in Sources */,
				B10000000000000000000012 /* APNsTokenStore.swift in Sources */,
				B10000000000000000000013 /* APNsRegistrationService.swift in Sources */,
				B10000000000000000000014 /* ProximityPushNotifications.swift in Sources */,
			);
			runOnlyForDeploymentPostprocessing = 0;
		};
		S10000000000000000000002 /* Sources */ = {
			isa = PBXSourcesBuildPhase;
			buildActionMask = 2147483647;
			files = (
				B10000000000000000000015 /* OnThisDayWidget.swift in Sources */,
			);
			runOnlyForDeploymentPostprocessing = 0;
		};
/* End PBXSourcesBuildPhase section */

/* Begin XCBuildConfiguration section */
		X10000000000000000000001 /* Debug */ = {
			isa = XCBuildConfiguration;
			buildSettings = {
				ALWAYS_SEARCH_USER_PATHS = NO;
				CLANG_ENABLE_MODULES = YES;
				COPY_PHASE_STRIP = NO;
				DEBUG_INFORMATION_FORMAT = dwarf;
				ENABLE_TESTABILITY = YES;
				GCC_DYNAMIC_NO_PIC = NO;
				GCC_OPTIMIZATION_LEVEL = 0;
				GCC_PREPROCESSOR_DEFINITIONS = (
					"DEBUG=1",
					"$(inherited)",
				);
				IPHONEOS_DEPLOYMENT_TARGET = 17.0;
				ONLY_ACTIVE_ARCH = YES;
				SDKROOT = iphoneos;
				SWIFT_ACTIVE_COMPILATION_CONDITIONS = DEBUG;
				SWIFT_OPTIMIZATION_LEVEL = "-Onone";
				SWIFT_VERSION = 5.0;
			};
			name = Debug;
		};
		X10000000000000000000002 /* Release */ = {
			isa = XCBuildConfiguration;
			buildSettings = {
				ALWAYS_SEARCH_USER_PATHS = NO;
				CLANG_ENABLE_MODULES = YES;
				COPY_PHASE_STRIP = NO;
				DEBUG_INFORMATION_FORMAT = "dwarf-with-dsym";
				ENABLE_NS_ASSERTIONS = NO;
				IPHONEOS_DEPLOYMENT_TARGET = 17.0;
				SDKROOT = iphoneos;
				SWIFT_COMPILATION_MODE = wholemodule;
				SWIFT_VERSION = 5.0;
				VALIDATE_PRODUCT = YES;
			};
			name = Release;
		};
		X10000000000000000000003 /* Debug */ = {
			isa = XCBuildConfiguration;
			buildSettings = {
				ASSETCATALOG_COMPILER_APPICON_NAME = AppIcon;
				CODE_SIGN_ENTITLEMENTS = LegacyApp/Legacy.entitlements;
				CODE_SIGN_IDENTITY = "Apple Development";
				CODE_SIGN_STYLE = Automatic;
				CURRENT_PROJECT_VERSION = 1;
				DEVELOPMENT_TEAM = 563HDC996P;
				GENERATE_INFOPLIST_FILE = NO;
				INFOPLIST_FILE = LegacyApp/Info.plist;
				INFOPLIST_KEY_UIApplicationSupportsIndirectInputEvents = YES;
				INFOPLIST_KEY_UILaunchScreen_Generation = YES;
				INFOPLIST_KEY_UISupportedInterfaceOrientations = UIInterfaceOrientationPortrait;
				LD_RUNPATH_SEARCH_PATHS = (
					"$(inherited)",
					"@executable_path/Frameworks",
				);
				MARKETING_VERSION = 0.1.0;
				PRODUCT_BUNDLE_IDENTIFIER = app.legacy.ios;
				PRODUCT_NAME = "$(TARGET_NAME)";
				PROVISIONING_PROFILE_SPECIFIER = "";
				SUPPORTED_PLATFORMS = "iphoneos iphonesimulator";
				SUPPORTS_MACCATALYST = NO;
				SWIFT_EMIT_LOC_STRINGS = YES;
				SWIFT_VERSION = 5.0;
				TARGETED_DEVICE_FAMILY = 1;
			};
			name = Debug;
		};
		X10000000000000000000004 /* Release */ = {
			isa = XCBuildConfiguration;
			buildSettings = {
				ASSETCATALOG_COMPILER_APPICON_NAME = AppIcon;
				CODE_SIGN_ENTITLEMENTS = LegacyApp/Legacy.entitlements;
				CODE_SIGN_IDENTITY = "Apple Development";
				CODE_SIGN_STYLE = Automatic;
				CURRENT_PROJECT_VERSION = 1;
				DEVELOPMENT_TEAM = 563HDC996P;
				GENERATE_INFOPLIST_FILE = NO;
				INFOPLIST_FILE = LegacyApp/Info.plist;
				INFOPLIST_KEY_UIApplicationSupportsIndirectInputEvents = YES;
				INFOPLIST_KEY_UILaunchScreen_Generation = YES;
				INFOPLIST_KEY_UISupportedInterfaceOrientations = UIInterfaceOrientationPortrait;
				LD_RUNPATH_SEARCH_PATHS = (
					"$(inherited)",
					"@executable_path/Frameworks",
				);
				MARKETING_VERSION = 0.1.0;
				PRODUCT_BUNDLE_IDENTIFIER = app.legacy.ios;
				PRODUCT_NAME = "$(TARGET_NAME)";
				PROVISIONING_PROFILE_SPECIFIER = "";
				SUPPORTED_PLATFORMS = "iphoneos iphonesimulator";
				SUPPORTS_MACCATALYST = NO;
				SWIFT_EMIT_LOC_STRINGS = YES;
				SWIFT_VERSION = 5.0;
				TARGETED_DEVICE_FAMILY = 1;
			};
			name = Release;
		};
		X10000000000000000000005 /* Debug */ = {
			isa = XCBuildConfiguration;
			buildSettings = {
				CODE_SIGN_ENTITLEMENTS = LegacyWidget/LegacyWidget.entitlements;
				CODE_SIGN_IDENTITY = "Apple Development";
				CODE_SIGN_STYLE = Automatic;
				CURRENT_PROJECT_VERSION = 1;
				DEVELOPMENT_TEAM = 563HDC996P;
				GENERATE_INFOPLIST_FILE = YES;
				INFOPLIST_KEY_CFBundleDisplayName = "Legacy Widget";
				INFOPLIST_KEY_NSExtension_NSExtensionPointIdentifier = "com.apple.widgetkit-extension";
				IPHONEOS_DEPLOYMENT_TARGET = 17.0;
				LD_RUNPATH_SEARCH_PATHS = (
					"$(inherited)",
					"@executable_path/Frameworks",
					"@executable_path/../../Frameworks",
				);
				MARKETING_VERSION = 0.1.0;
				PRODUCT_BUNDLE_IDENTIFIER = app.legacy.ios.widget;
				PRODUCT_NAME = "$(TARGET_NAME)";
				SKIP_INSTALL = YES;
				SUPPORTED_PLATFORMS = "iphoneos iphonesimulator";
				SWIFT_EMIT_LOC_STRINGS = YES;
				SWIFT_VERSION = 5.0;
				TARGETED_DEVICE_FAMILY = 1;
			};
			name = Debug;
		};
		X10000000000000000000006 /* Release */ = {
			isa = XCBuildConfiguration;
			buildSettings = {
				CODE_SIGN_ENTITLEMENTS = LegacyWidget/LegacyWidget.entitlements;
				CODE_SIGN_IDENTITY = "Apple Development";
				CODE_SIGN_STYLE = Automatic;
				CURRENT_PROJECT_VERSION = 1;
				DEVELOPMENT_TEAM = 563HDC996P;
				GENERATE_INFOPLIST_FILE = YES;
				INFOPLIST_KEY_CFBundleDisplayName = "Legacy Widget";
				INFOPLIST_KEY_NSExtension_NSExtensionPointIdentifier = "com.apple.widgetkit-extension";
				IPHONEOS_DEPLOYMENT_TARGET = 17.0;
				LD_RUNPATH_SEARCH_PATHS = (
					"$(inherited)",
					"@executable_path/Frameworks",
					"@executable_path/../../Frameworks",
				);
				MARKETING_VERSION = 0.1.0;
				PRODUCT_BUNDLE_IDENTIFIER = app.legacy.ios.widget;
				PRODUCT_NAME = "$(TARGET_NAME)";
				SKIP_INSTALL = YES;
				SUPPORTED_PLATFORMS = "iphoneos iphonesimulator";
				SWIFT_EMIT_LOC_STRINGS = YES;
				SWIFT_VERSION = 5.0;
				TARGETED_DEVICE_FAMILY = 1;
			};
			name = Release;
		};
/* End XCBuildConfiguration section */

/* Begin XCConfigurationList section */
		L10000000000000000000001 /* Build configuration list for PBXProject "Legacy" */ = {
			isa = XCConfigurationList;
			buildConfigurations = (
				X10000000000000000000001 /* Debug */,
				X10000000000000000000002 /* Release */,
			);
			defaultConfigurationIsVisible = 0;
			defaultConfigurationName = Release;
		};
		L10000000000000000000002 /* Build configuration list for PBXNativeTarget "Legacy" */ = {
			isa = XCConfigurationList;
			buildConfigurations = (
				X10000000000000000000003 /* Debug */,
				X10000000000000000000004 /* Release */,
			);
			defaultConfigurationIsVisible = 0;
			defaultConfigurationName = Release;
		};
		L10000000000000000000003 /* Build configuration list for PBXNativeTarget "LegacyWidgetExtension" */ = {
			isa = XCConfigurationList;
			buildConfigurations = (
				X10000000000000000000005 /* Debug */,
				X10000000000000000000006 /* Release */,
			);
			defaultConfigurationIsVisible = 0;
			defaultConfigurationName = Release;
		};
/* End XCConfigurationList section */

/* Begin XCLocalSwiftPackageReference section */
		PKG100000000000000000001 /* XCLocalSwiftPackageReference "LegacyModules" */ = {
			isa = XCLocalSwiftPackageReference;
			relativePath = LegacyModules;
		};
/* End XCLocalSwiftPackageReference section */

/* Begin XCSwiftPackageProductDependency section */
		P10000000000000000000001 /* WanderFeature */ = {
			isa = XCSwiftPackageProductDependency;
			productName = WanderFeature;
		};
		P10000000000000000000002 /* DesignSystem */ = {
			isa = XCSwiftPackageProductDependency;
			productName = DesignSystem;
		};
		P10000000000000000000003 /* APIClient */ = {
			isa = XCSwiftPackageProductDependency;
			productName = APIClient;
		};
		P10000000000000000000004 /* LocationEngine */ = {
			isa = XCSwiftPackageProductDependency;
			productName = LocationEngine;
		};
		P10000000000000000000005 /* AuthFeature */ = {
			isa = XCSwiftPackageProductDependency;
			productName = AuthFeature;
		};
		P10000000000000000000006 /* LegacyAPIStubs */ = {
			isa = XCSwiftPackageProductDependency;
			productName = LegacyAPIStubs;
		};
		P10000000000000000000007 /* DropFeature */ = {
			isa = XCSwiftPackageProductDependency;
			productName = DropFeature;
		};
		P10000000000000000000008 /* MemoryLaneFeature */ = {
			isa = XCSwiftPackageProductDependency;
			productName = MemoryLaneFeature;
		};
		P10000000000000000000009 /* ImportFeature */ = {
			isa = XCSwiftPackageProductDependency;
			productName = ImportFeature;
		};
/* End XCSwiftPackageProductDependency section */
	};
	rootObject = PR1000000000000000000001 /* Project object */;
}
